# This file is @generated by PDM.
# It is not intended for manual editing.

[[package]]
name = "asgiref"
version = "3.6.0"
requires_python = ">=3.7"
summary = "ASGI specs, helper code, and adapters"

[[package]]
name = "dj-database-url"
version = "1.2.0"
summary = "Use Database URLs in your Django Application."
dependencies = [
    "Django>=3.2",
]

[[package]]
name = "dj-email-url"
version = "1.0.6"
summary = "Use an URL to configure email backend settings in your Django Application."

[[package]]
name = "dj-search-url"
version = "0.1"
summary = "Use Search URLs in your Django Haystack Application."

[[package]]
name = "django"
version = "4.1.7"
requires_python = ">=3.8"
summary = "A high-level Python web framework that encourages rapid development and clean, pragmatic design."
dependencies = [
    "asgiref<4,>=3.5.2",
    "sqlparse>=0.2.2",
    "tzdata; sys_platform == \"win32\"",
]

[[package]]
name = "django-cache-url"
version = "3.4.4"
summary = "Use Cache URLs in your Django application."

[[package]]
name = "django-configurations"
version = "2.4"
requires_python = ">=3.7, <4.0"
summary = "A helper for organizing Django settings."
dependencies = [
    "django>=3.2",
]

[[package]]
name = "django-configurations"
version = "2.4"
extras = ["cache", "database", "email", "search"]
requires_python = ">=3.7, <4.0"
summary = "A helper for organizing Django settings."
dependencies = [
    "dj-database-url",
    "dj-email-url",
    "dj-search-url",
    "django-cache-url",
    "django-configurations==2.4",
]

[[package]]
name = "django-rest-framework"
version = "0.1.0"
summary = "alias."
dependencies = [
    "djangorestframework",
]

[[package]]
name = "djangorestframework"
version = "3.14.0"
requires_python = ">=3.6"
summary = "Web APIs for Django, made easy."
dependencies = [
    "django>=3.0",
    "pytz",
]

[[package]]
name = "pytz"
version = "2022.7.1"
summary = "World timezone definitions, modern and historical"

[[package]]
name = "sqlparse"
version = "0.4.3"
requires_python = ">=3.5"
summary = "A non-validating SQL parser."

[[package]]
name = "tzdata"
version = "2022.7"
requires_python = ">=2"
summary = "Provider of IANA time zone data"

[metadata]
lock_version = "4.1"
content_hash = "sha256:bb1175469ba7d192aed4ebeff0959eb243fa4f444c472d3527dc670b8003e347"

[metadata.files]
"asgiref 3.6.0" = [
    {url = "https://files.pythonhosted.org/packages/78/2d/797c0537426266d6c9377a2ed6a4ac61e50c2d5b1ab4da101a4b9bfe26e2/asgiref-3.6.0.tar.gz", hash = "sha256:9567dfe7bd8d3c8c892227827c41cce860b368104c3431da67a0c5a65a949506"},
    {url = "https://files.pythonhosted.org/packages/8f/29/38d10a47b322a77b2d12c2b79c789f52956f733cb701d4d5157c76b5f238/asgiref-3.6.0-py3-none-any.whl", hash = "sha256:71e68008da809b957b7ee4b43dbccff33d1b23519fb8344e33f049897077afac"},
]
"dj-database-url 1.2.0" = [
    {url = "https://files.pythonhosted.org/packages/4f/62/e2786a98fda838f25ce86782810930b54eec2ad87d37950e80c3ce3538b8/dj_database_url-1.2.0-py3-none-any.whl", hash = "sha256:5c2993b91801c0f78a8b19e642b497b90831124cbade0c265900d4c1037b4730"},
    {url = "https://files.pythonhosted.org/packages/c9/3f/c55c0152ca441111af0f969f2d37b99279874ab4f313a3262fed7bf6aaef/dj-database-url-1.2.0.tar.gz", hash = "sha256:b23b15046cb38180e0c95207bcc90fe5e9dbde8eef16065907dd85cf4ca7036c"},
]
"dj-email-url 1.0.6" = [
    {url = "https://files.pythonhosted.org/packages/14/ef/8eb478accd9b0369d46a98d1b43027ee0c254096149265c78e6b2e2fa3b0/dj-email-url-1.0.6.tar.gz", hash = "sha256:55ffe3329e48f54f8a75aa36ece08f365e09d61f8a209773ef09a1d4760e699a"},
    {url = "https://files.pythonhosted.org/packages/8a/f9/fcb9745099d821f9a26092d3d6f4df8f10049885045c3a93ff726d2e40a6/dj_email_url-1.0.6-py2.py3-none-any.whl", hash = "sha256:cbd08327fbb08b104eac160fb4703f375532e4c0243eb230f5b960daee7a96db"},
]
"dj-search-url 0.1" = [
    {url = "https://files.pythonhosted.org/packages/90/c5/a280b7ea455e393da3beb11656eccbcb13aee22ba9a42c0f0de7b638b9fe/dj-search-url-0.1.tar.gz", hash = "sha256:424d1a5852500b3c118abfdd0e30b3e0016fe68e7ed27b8553a67afa20d4fb40"},
]
"django 4.1.7" = [
    {url = "https://files.pythonhosted.org/packages/89/86/59e237f7176cfc1544446914fa329fd560bb8fce46be52dd7af5dc7c54f9/Django-4.1.7-py3-none-any.whl", hash = "sha256:f2f431e75adc40039ace496ad3b9f17227022e8b11566f4b363da44c7e44761e"},
    {url = "https://files.pythonhosted.org/packages/9f/a7/07939866241b7e8f8d3bf164b7d6ad428163723e29dd472700f8ab0e5fd5/Django-4.1.7.tar.gz", hash = "sha256:44f714b81c5f190d9d2ddad01a532fe502fa01c4cb8faf1d081f4264ed15dcd8"},
]
"django-cache-url 3.4.4" = [
    {url = "https://files.pythonhosted.org/packages/f9/e2/004e1fc61bda1f84f9e7e255987ed76c825122fc86e03752eca9711ec635/django_cache_url-3.4.4-py2.py3-none-any.whl", hash = "sha256:5ca4760b4580b80e41279bc60d1e5c16a822e4e462265faab0a330701bb0ef9a"},
    {url = "https://files.pythonhosted.org/packages/fb/c4/544696ccd8f9d0e11aad846aae2e4ea0727444c902ed88eee7cf78651b4e/django-cache-url-3.4.4.tar.gz", hash = "sha256:ef2cfacea361ee22e9b67d6ca941db22e0a9eaf892b67ca71cad52c62a17fd36"},
]
"django-configurations 2.4" = [
    {url = "https://files.pythonhosted.org/packages/5a/88/b210f5bd5bdf1db60b67eab90daf8696ada06864a0b9b501d9c8187dbaa7/django_configurations-2.4-py3-none-any.whl", hash = "sha256:d10bac11d71e29e8ea89548e2d5d2e91e1595667b3859989f50727dcbe7a8c80"},
    {url = "https://files.pythonhosted.org/packages/9b/09/298dc223f7063af32a2ab06a3f2e33baab8cb8be2854b71ce2e03924c969/django-configurations-2.4.tar.gz", hash = "sha256:22b9964e6b657dafc7a35410a115d20f1451149a82737adc6c331ec365888196"},
]
"django-rest-framework 0.1.0" = [
    {url = "https://files.pythonhosted.org/packages/ed/d2/61159bc6efd1bf16adc4a2a48f7ace2080d1f7aef054f606d1857cab490c/django-rest-framework-0.1.0.tar.gz", hash = "sha256:47a8f496fa69e3b6bd79f68dd7a1527d907d6b77f009e9db7cf9bb21cc565e4a"},
]
"djangorestframework 3.14.0" = [
    {url = "https://files.pythonhosted.org/packages/8e/53/5b2a002c5ebafd60dff1e1945a7d63dee40155830997439a9ba324f0fd50/djangorestframework-3.14.0.tar.gz", hash = "sha256:579a333e6256b09489cbe0a067e66abe55c6595d8926be6b99423786334350c8"},
    {url = "https://files.pythonhosted.org/packages/ff/4b/3b46c0914ba4b7546a758c35fdfa8e7f017fcbe7f23c878239e93623337a/djangorestframework-3.14.0-py3-none-any.whl", hash = "sha256:eb63f58c9f218e1a7d064d17a70751f528ed4e1d35547fdade9aaf4cd103fd08"},
]
"pytz 2022.7.1" = [
    {url = "https://files.pythonhosted.org/packages/03/3e/dc5c793b62c60d0ca0b7e58f1fdd84d5aaa9f8df23e7589b39cc9ce20a03/pytz-2022.7.1.tar.gz", hash = "sha256:01a0681c4b9684a28304615eba55d1ab31ae00bf68ec157ec3708a8182dbbcd0"},
    {url = "https://files.pythonhosted.org/packages/2e/09/fbd3c46dce130958ee8e0090f910f1fe39e502cc5ba0aadca1e8a2b932e5/pytz-2022.7.1-py2.py3-none-any.whl", hash = "sha256:78f4f37d8198e0627c5f1143240bb0206b8691d8d7ac6d78fee88b78733f8c4a"},
]
"sqlparse 0.4.3" = [
    {url = "https://files.pythonhosted.org/packages/97/d3/31dd2c3e48fc2060819f4acb0686248250a0f2326356306b38a42e059144/sqlparse-0.4.3-py3-none-any.whl", hash = "sha256:0323c0ec29cd52bceabc1b4d9d579e311f3e4961b98d174201d5622a23b85e34"},
    {url = "https://files.pythonhosted.org/packages/ba/fa/5b7662b04b69f3a34b8867877e4dbf2a37b7f2a5c0bbb5a9eed64efd1ad1/sqlparse-0.4.3.tar.gz", hash = "sha256:69ca804846bb114d2ec380e4360a8a340db83f0ccf3afceeb1404df028f57268"},
]
"tzdata 2022.7" = [
    {url = "https://files.pythonhosted.org/packages/5b/30/b7abfb11be6642d26de1c1840d25e8d90333513350ad0ebc03101d55e13b/tzdata-2022.7.tar.gz", hash = "sha256:fe5f866eddd8b96e9fcba978f8e503c909b19ea7efda11e52e39494bad3a7bfa"},
    {url = "https://files.pythonhosted.org/packages/fa/5e/f99a7df3ae2079211d31ec23b1d34380c7870c26e99159f6e422dcbab538/tzdata-2022.7-py2.py3-none-any.whl", hash = "sha256:2b88858b0e3120792a3c0635c23daf36a7d7eeeca657c323da299d2094402a0d"},
]
