version = 1
requires-python = ">=3.11"

[[package]]
name = "pydantic"
version = "1.10.20"
source = { registry = "https://pypi.org/simple" }
dependencies = [
    { name = "typing-extensions" },
]
sdist = { url = "https://files.pythonhosted.org/packages/c3/eb/081e5c6bad10570613df9b769bc8553bab771554cbd71371115e38d5e303/pydantic-1.10.20.tar.gz", hash = "sha256:8dbb8fb6f0ee469c197047e5e69f51677f0bf6297619c98c814a22965a5486d4", size = 356518 }
wheels = [
    { url = "https://files.pythonhosted.org/packages/6c/0e/b5c0d7e7950ff6816ba9e2cabcb8655f34137bedf961780fe2254a23b6db/pydantic-1.10.20-cp311-cp311-macosx_10_9_x86_64.whl", hash = "sha256:bed9ec215fa46fb4024777d4098816e2779b5c0192c3646aa1766c7527031c7d", size = 2845160 },
    { url = "https://files.pythonhosted.org/packages/7a/f6/e8bba6e8dfa7d17a04463361f8d4442417f15e2fad5da5d219ba9b376d85/pydantic-1.10.20-cp311-cp311-macosx_11_0_arm64.whl", hash = "sha256:e6fbf8fdc5991560709cb24cebab2e3812b7c8e3eac922a8bf51a531046fb494", size = 2552963 },
    { url = "https://files.pythonhosted.org/packages/8c/13/113f132d8638dda224b06a37cad967c84c2e612d0c07480550a55bbda619/pydantic-1.10.20-cp311-cp311-manylinux_2_17_x86_64.manylinux2014_x86_64.whl", hash = "sha256:1f6d485ef36dcd597f7d6226bf8cb222b3b5a1a9191261b7ec5677b08e9230bc", size = 3140364 },
    { url = "https://files.pythonhosted.org/packages/95/51/8c1642cb9c80f84fa05c650395caf19c1fceba335a9960914cda26d33f84/pydantic-1.10.20-cp311-cp311-manylinux_2_5_i686.manylinux1_i686.manylinux_2_17_i686.manylinux2014_i686.whl", hash = "sha256:664110d074bfc14432326d59ec51da0c260050935fe7cdb3579d24b02766dd93", size = 3213620 },
    { url = "https://files.pythonhosted.org/packages/2a/0a/93d1e3825d8a2e687f1025b03251108df86171831bff4b2ff0db58b83eef/pydantic-1.10.20-cp311-cp311-musllinux_1_2_i686.whl", hash = "sha256:4d6efdd3653713c1e24a46ec966e296faf28933da319692e2adbe5bb6d980418", size = 3320922 },
    { url = "https://files.pythonhosted.org/packages/ec/ab/2193ce40469409f94e23a6eb859809f91a0513c57ada65037af2d74639e4/pydantic-1.10.20-cp311-cp311-musllinux_1_2_x86_64.whl", hash = "sha256:604904991eb38e68674892bfea9e9fce6cea62b4d9b9593a2575080842512edb", size = 3243736 },
    { url = "https://files.pythonhosted.org/packages/94/20/811fd66e7381a8d3005d5fab4b426634ed17505487be242d1f1890f5b13a/pydantic-1.10.20-cp311-cp311-win_amd64.whl", hash = "sha256:875f6b2f99b621c1fcdb3ba947e4a89120c5199ffe873b5c0f81b0668a2b1647", size = 2307225 },
    { url = "https://files.pythonhosted.org/packages/5c/17/0c010d2288843e103c42a04891923b2dd6c548ed3f654f8f6c963feb0c64/pydantic-1.10.20-cp312-cp312-macosx_10_13_x86_64.whl", hash = "sha256:ef6feab9add46f970cbe5676da7681700ddade1d9aeeb206d61c3e6e47d39e8f", size = 2794434 },
    { url = "https://files.pythonhosted.org/packages/1c/82/62c1c6e45b7b536a30d6255a56e34c276162417701708d7eb1da17003090/pydantic-1.10.20-cp312-cp312-macosx_11_0_arm64.whl", hash = "sha256:31e699a67b53c9a07780caacf662d4bc6eed15cb70b3bc30256cbef000ad6874", size = 2533956 },
    { url = "https://files.pythonhosted.org/packages/ff/1c/a50964e655dadfa4a6260bf01ddc6b84554a68024beedda95b6232b0d4e8/pydantic-1.10.20-cp312-cp312-manylinux_2_17_x86_64.manylinux2014_x86_64.whl", hash = "sha256:657f0977327dd41b3e25c2adec81cf58a7e62b868876bef80b9deec38d264428", size = 2993534 },
    { url = "https://files.pythonhosted.org/packages/b8/a5/1d0b04786fac9920dcb69a1023777c6176a6fbd9b940920c7432366dec2f/pydantic-1.10.20-cp312-cp312-manylinux_2_5_i686.manylinux1_i686.manylinux_2_17_i686.manylinux2014_i686.whl", hash = "sha256:abd4726eb30445555fa2e95795af1603af6023d216e9d9f45d940e0f07a1eda7", size = 3036293 },
    { url = "https://files.pythonhosted.org/packages/be/1e/8a56c63d4c4d02ab33585fc3a75af9679540360716e7596058613d81a3b3/pydantic-1.10.20-cp312-cp312-musllinux_1_2_i686.whl", hash = "sha256:64793e059a9e254a1dd63e70bb946e550ac6ba465e13b9aec40408bc10b038c0", size = 3171156 },
    { url = "https://files.pythonhosted.org/packages/58/fc/6cb5a4b8e924f461b8f8ac7c19ef6b0ab84b46d243977992b4b99a0dcd23/pydantic-1.10.20-cp312-cp312-musllinux_1_2_x86_64.whl", hash = "sha256:88f552e84c27b321310c0bdefe90b5279f5c4255867b4fcbbbdfe8bb86831750", size = 3123165 },
    { url = "https://files.pythonhosted.org/packages/53/ea/8bb04a3b3566a3cb76d615bd67d2c4263a9b779b81100f9259e1f3d7e580/pydantic-1.10.20-cp312-cp312-win_amd64.whl", hash = "sha256:0a2351eb63b8c7016d30b1d8fa390f4666488a0ed4071972afb63696810ecc8f", size = 2189333 },
    { url = "https://files.pythonhosted.org/packages/43/93/51030ea841583508154c8626dfde32a8556fd5b1e60dbc292f49d0e7554c/pydantic-1.10.20-cp313-cp313-macosx_10_13_x86_64.whl", hash = "sha256:d9041e27b36597a54fbe59c4f8e205748d72d455dfc29e98b5d72d97f7d0c036", size = 2796668 },
    { url = "https://files.pythonhosted.org/packages/73/78/948d20580c07a99ce2468860a42e135e599b171c0f13f6adac78323919ad/pydantic-1.10.20-cp313-cp313-macosx_11_0_arm64.whl", hash = "sha256:13262acfdc60b8af048ee27483ebbcbdf5ea3217c8b8e4eede94373c8d65f6a5", size = 2538168 },
    { url = "https://files.pythonhosted.org/packages/0c/23/d49b2249eeca644e37f1f60a09c72973070e98e929e993ccdcc4ab15de4c/pydantic-1.10.20-cp313-cp313-manylinux_2_17_x86_64.manylinux2014_x86_64.whl", hash = "sha256:d1a58b0b07a8bce4c8fb368435571a8bcf0457332c503055b1bbff5e4e65c13e", size = 2985709 },
    { url = "https://files.pythonhosted.org/packages/54/9f/83e888afb1133f54076b8af749b5e247330ad45c36b9457831d6fc8d0b7b/pydantic-1.10.20-cp313-cp313-manylinux_2_5_i686.manylinux1_i686.manylinux_2_17_i686.manylinux2014_i686.whl", hash = "sha256:4b378c2fd51dc0c475a01c46748a5bcf7d41d23e4620d7622a373d7dab6dc2cf", size = 3015169 },
    { url = "https://files.pythonhosted.org/packages/ad/4b/07b9cc10fc0ad1defc6531dc598922929807f12620f4ea515bd47a10e6d7/pydantic-1.10.20-cp313-cp313-musllinux_1_2_i686.whl", hash = "sha256:61bcdd86348dd5e268f0f306d8d9c00c0e10f158af53538ce270447e67af88b0", size = 3163895 },
    { url = "https://files.pythonhosted.org/packages/cb/92/fde1bd6ba297eeaac12b1454c8c294dd0cdba0e8de71ff2269b3678d08c3/pydantic-1.10.20-cp313-cp313-musllinux_1_2_x86_64.whl", hash = "sha256:7fb3d37f29cfa83b00eef518187509044626162511da5367ada03ba29647630f", size = 3117174 },
    { url = "https://files.pythonhosted.org/packages/46/81/81764ecb32de8725e5b77fca9c83d871ad1c29664e907eaf77f4344240ea/pydantic-1.10.20-cp313-cp313-win_amd64.whl", hash = "sha256:64aae7ea5c88db33fabeb3017f8d25f2ebff0244a3db3819c38bdcef42e917d6", size = 2172937 },
    { url = "https://files.pythonhosted.org/packages/e8/08/ce63c53094a258983667f1ab22f0fb841310f16a07dba6a550e8006bb2e8/pydantic-1.10.20-py3-none-any.whl", hash = "sha256:cd9c1a6a60d54281defb35292d3f2b70bce1b62fe404fd991688fa146715936a", size = 166366 },
]

[[package]]
name = "transcribee-proto"
version = "0.1.0"
source = { editable = "." }
dependencies = [
    { name = "pydantic" },
]

[package.metadata]
requires-dist = [{ name = "pydantic", specifier = "~=1.10" }]

[[package]]
name = "typing-extensions"
version = "4.12.2"
source = { registry = "https://pypi.org/simple" }
sdist = { url = "https://files.pythonhosted.org/packages/df/db/f35a00659bc03fec321ba8bce9420de607a1d37f8342eee1863174c69557/typing_extensions-4.12.2.tar.gz", hash = "sha256:1a7ead55c7e559dd4dee8856e3a88b41225abfe1ce8df57b7c13915fe121ffb8", size = 85321 }
wheels = [
    { url = "https://files.pythonhosted.org/packages/26/9f/ad63fc0248c5379346306f8668cda6e2e2e9c95e01216d2b8ffd9ff037d0/typing_extensions-4.12.2-py3-none-any.whl", hash = "sha256:04e5ca0351e0f3f85c6853954072df659d0d13fac324d0072316b67d7794700d", size = 37438 },
]
